github.com/PuerkitoBio/purell v1.1.0 h1:rmGxhojJlM0tuKtfdvliR84CFHljx9ag64t2xmVkjK4=
github.com/PuerkitoBio/purell v1.1.0/go.mod h1:c11w/QuzBsJSee3cPx9rAFu61PvFxuPbtSwDGJws/X0=
github.com/PuerkitoBio/urlesc v0.0.0-20170810143723-de5bf2ad4578 h1:d+Bc7a5rLufV/sSk/8dngufqelfh6jnri85riMAaF/M=
github.com/PuerkitoBio/urlesc v0.0.0-20170810143723-de5bf2ad4578/go.mod h1:uGdkoq3SwY9Y+13GIhn11/XLaGBb4BfwItxLd5jeuXE=
github.com/apache/thrift v0.0.0-20151001171628-53dd39833a08 h1:DWbnxqCXu44aQ9YK7QzFlCBi44UFgjY3cs/2cHoJsoA=
github.com/apache/thrift v0.0.0-20151001171628-53dd39833a08/go.mod h1:cp2SuWMxlEZw2r+iP2GNCdIi4C1qmUzdZFSVb+bacwQ=
github.com/beorn7/perks v0.0.0-20160804104726-4c0e84591b9a h1:BtpsbiV638WQZwhA98cEZw2BsbnQJrbd0BI7tsy0W1c=
github.com/beorn7/perks v0.0.0-20160804104726-4c0e84591b9a/go.mod h1:Dwedo/Wpr24TaqPxmxbtue+5NUziq4I4S80YR8gNf3Q=
github.com/bifurcation/mint v0.0.0-20181105071958-a14404e9a861 h1:x17NvoJaphEzay72TFej4OSSsgu3xRYBLkbIwdofS/4=
github.com/bifurcation/mint v0.0.0-20181105071958-a14404e9a861/go.mod h1:zVt7zX3K/aDCk9Tj+VM7YymsX66ERvzCJzw8rFCX2JU=
github.com/cheekybits/genny v1.0.0 h1:uGGa4nei+j20rOSeDeP5Of12XVm7TGUd4dJA9RDitfE=
github.com/cheekybits/genny v1.0.0/go.mod h1:+tQajlRqAUrPI7DOSpB0XAqZYtQakVtB7wXkRAgjxjQ=
github.com/codahale/hdrhistogram v0.0.0-20161010025455-3a0bb77429bd h1:qMd81Ts1T2OTKmB4acZcyKaMtRnY5Y44NuXGX2GFJ1w=
github.com/codahale/hdrhistogram v0.0.0-20161010025455-3a0bb77429bd/go.mod h1:sE/e/2PUdi/liOCUjSTXgM1o87ZssimdTWN964YiIeI=
github.com/davecgh/go-spew v1.1.0 h1:ZDRjVQ15GmhC3fiQ8ni8+OwkZQO4DARzQgrnXU1Liz8=
github.com/davecgh/go-spew v1.1.0/go.mod h1:J7Y8YcW2NihsgmVo/mv3lAwl/skON4iLHjSsI+c5H38=
github.com/emicklei/go-restful v0.0.0-20170921190803-5741799b275a h1:YytWVnuU7oFFi3tEz+9ycCxYjm+udpKNKQx1kUsBXMk=
github.com/emicklei/go-restful v0.0.0-20170921190803-5741799b275a/go.mod h1:otzb+WCGbkyDHkqmQmT5YD2WR4BBwUdeQoFo8l/7tVs=
github.com/ghodss/yaml v1.0.0 h1:wQHKEahhL6wmXdzwWG11gIVCkOv05bNOh+Rxn0yngAk=
github.com/ghodss/yaml v1.0.0/go.mod h1:4dBDuWmgqj2HViK6kFavaiC9ZROes6MMH2rRYeMEF04=
github.com/go-openapi/jsonpointer v0.0.0-20170102174223-779f45308c19 h1:UmnefiS/Yrdfl15NXUA9T51lyQf72tCvWHfOiRLd1+g=
github.com/go-openapi/jsonpointer v0.0.0-20170102174223-779f45308c19/go.mod h1:+35s3my2LFTysnkMfxsJBAMHj/DoqoB9knIWoYG/Vk0=
github.com/go-openapi/jsonreference v0.0.0-20161105162150-36d33bfe519e h1:gbNUNGpVJLxaXBxI7iCHZdg3PwgLOJ9lPQGVINRrC9E=
github.com/go-openapi/jsonreference v0.0.0-20161105162150-36d33bfe519e/go.mod h1:W3Z9FmVs9qj+KR4zFKmDPGiLdk1D9Rlm7cyMvf57TTg=
github.com/go-openapi/spec v0.0.0-20171219195406-fa03337d7da5 h1:/4LLqbrF/Zoeyra76KP3b3I/D3II/lSSFVFDjiEaQKM=
github.com/go-openapi/spec v0.0.0-20171219195406-fa03337d7da5/go.mod h1:J8+jY1nAiCcj+friV/PDoE1/3eeccG9LYBs0tYvLOWc=
github.com/go-openapi/swag v0.0.0-20171111214437-cf0bdb963811 h1:r38dWW65/T34YOCwzGTAoDxP16l+OpDJl/n07P+pvUo=
github.com/go-openapi/swag v0.0.0-20171111214437-cf0bdb963811/go.mod h1:DXUve3Dpr1UfpPtxFw+EFuQ41HhCWZfha5jSVRG7C7I=
github.com/gogo/protobuf v0.0.0-20171007142547-342cbe0a0415 h1:WSBJMqJbLxsn+bTCPyPYZfqHdJmc8MK4wrBjMft6BAM=
github.com/gogo/protobuf v0.0.0-20171007142547-342cbe0a0415/go.mod h1:r8qH/GZQm5c6nD/R0oafs1akxWv10x8SbQlK7atdtwQ=
github.com/golang/glog v0.0.0-20160126235308-23def4e6c14b h1:VKtxabqXZkF25pY9ekfRL6a582T4P37/31XEstQ5p58=
github.com/golang/glog v0.0.0-20160126235308-23def4e6c14b/go.mod h1:SBH7ygxi8pfUlaOkMMuAQtPIUF8ecWP5IEl/CR7VP2Q=
github.com/golang/groupcache v0.0.0-20171101203131-84a468cf14b4 h1:6o8aP0LGMKzo3NzwhhX6EJsiJ3ejmj+9yA/3p8Fjjlw=
github.com/golang/groupcache v0.0.0-20171101203131-84a468cf14b4/go.mod h1:cIg4eruTrX1D+g88fzRXU5OdNfaM+9IcxsU14FzY7Hc=
github.com/golang/protobuf v0.0.0-20171113180720-1e59b77b52bf h1:pFr/u+m8QUBMW/itAczltF3guNRAL7XDs5tD3f6nSD0=
github.com/golang/protobuf v0.0.0-20171113180720-1e59b77b52bf/go.mod h1:6lQm79b+lXiMfvg/cZm0SGofjICqVBUtrP5yJMmIC1U=
github.com/google/btree v0.0.0-20161217183710-316fb6d3f031 h1:yAx4v8FikdsGCBPzIaT2F+0WH0J+wcL7cQD9n3UbyOk=
github.com/google/btree v0.0.0-20161217183710-316fb6d3f031/go.mod h1:lNA+9X1NB3Zf8V7Ke586lFgjr2dZNuvo3lPJSGZ5JPQ=
github.com/google/gofuzz v0.0.0-20170612174753-24818f796faf h1:+RRA9JqSOZFfKrOeqr2z77+8R2RKyh8PG66dcu1V0ck=
github.com/google/gofuzz v0.0.0-20170612174753-24818f796faf/go.mod h1:HP5RmnzzSNb993RKQDq4+1A4ia9nllfqcQFTQJedwGI=
github.com/googleapis/gnostic v0.1.0 h1:rVsPeBmXbYv4If/cumu1AzZPwV58q433hvONV1UEZoI=
github.com/googleapis/gnostic v0.1.0/go.mod h1:sJBsCZ4ayReDTBIg8b9dl28c5xFWyhBTVRp3pOg5EKY=
github.com/gregjones/httpcache v0.0.0-20171119193500-2bcd89a1743f h1:kOkUP6rcVVqC+KlKKENKtgfFfJyDySYhqL9srXooghY=
github.com/gregjones/httpcache v0.0.0-20171119193500-2bcd89a1743f/go.mod h1:FecbI9+v66THATjSRHfNgh1IVFe/9kFxbXtjV0ctIMA=
github.com/hashicorp/golang-lru v0.0.0-20160813221303-0a025b7e63ad h1:eMxs9EL0PvIGS9TTtxg4R+JxuPGav82J8rA+GFnY7po=
github.com/hashicorp/golang-lru v0.0.0-20160813221303-0a025b7e63ad/go.mod h1:/m3WP610KZHVQ1SGc6re/UDhFvYD7pJ4Ao+sR/qLZy8=
github.com/howeyc/gopass v0.0.0-20170109162249-bf9dde6d0d2c h1:kQWxfPIHVLbgLzphqk3QUflDy9QdksZR4ygR807bpy0=
github.com/howeyc/gopass v0.0.0-20170109162249-bf9dde6d0d2c/go.mod h1:lADxMC39cJJqL93Duh1xhAs4I2Zs8mKS89XWXFGp9cs=
github.com/imdario/mergo v0.0.0-20171009183408-7fe0c75c13ab h1:k/Biv+LJL35wkk0Hveko1nj7as4tSHkHdZaNlzn/gcQ=
github.com/imdario/mergo v0.0.0-20171009183408-7fe0c75c13ab/go.mod h1:2EnlNZ0deacrJVfApfmtdGgDfMuh/nq6Ok1EcJh5FfA=
github.com/json-iterator/go v0.0.0-20171115153421-f7279a603ede h1:mJtIWNri3w08IYAPo7fB316byZA+rKVCylYazkZr07c=
github.com/json-iterator/go v0.0.0-20171115153421-f7279a603ede/go.mod h1:+SdeFBvtyEkXs7REEP0seUULqWtbJapLOCVDaaPEHmU=
github.com/juju/ratelimit v0.0.0-20171026090426-59fac5042749 h1:XUVyjsl8hsUObTDx1mYk67AEmMUg7HDCmZyWSTCdiGQ=
github.com/juju/ratelimit v0.0.0-20171026090426-59fac5042749/go.mod h1:qapgC/Gy+xNh9UxzV13HGGl/6UXNN+ct+vwSgWNm/qk=
github.com/lucas-clemente/aes12 v0.0.0-20171027163421-cd47fb39b79f h1:sSeNEkJrs+0F9TUau0CgWTTNEwF23HST3Eq0A+QIx+A=
github.com/lucas-clemente/aes12 v0.0.0-20171027163421-cd47fb39b79f/go.mod h1:JpH9J1c9oX6otFSgdUHwUBUizmKlrMjxWnIAjff4m04=
github.com/lucas-clemente/quic-go v0.10.0 h1:xEF+pSHYAOcu+U10Meunf+DTtc8vhQDRqlA0BJ6hufc=
github.com/lucas-clemente/quic-go v0.10.0/go.mod h1:wuD+2XqEx8G9jtwx5ou2BEYBsE+whgQmlj0Vz/77PrY=
github.com/lucas-clemente/quic-go-certificates v0.0.0-20160823095156-d2f86524cced h1:zqEC1GJZFbGZA0tRyNZqRjep92K5fujFtFsu5ZW7Aug=
github.com/lucas-clemente/quic-go-certificates v0.0.0-20160823095156-d2f86524cced/go.mod h1:NCcRLrOTZbzhZvixZLlERbJtDtYsmMw8Jc4vS8Z0g58=
github.com/mailru/easyjson v0.0.0-20171120080333-32fa128f234d h1:bM4HYnlVXPgUKmzl7o3drEaVfOk+sTBiADAQOWjU+8I=
github.com/mailru/easyjson v0.0.0-20171120080333-32fa128f234d/go.mod h1:C1wdFJiN94OJF2b5HbByQZoLdCWB1Yqtg26g4irojpc=
github.com/matttproud/golang_protobuf_extensions v1.0.0 h1:YNOwxxSJzSUARoD9KRZLzM9Y858MNGCOACTvCW9TSAc=
github.com/matttproud/golang_protobuf_extensions v1.0.0/go.mod h1:D8He9yQNgCq6Z5Ld7szi9bcBfOoFv/3dc6xSMkL2PC0=
github.com/opentracing/opentracing-go v1.0.2 h1:3jA2P6O1F9UOrWVpwrIo17pu01KWvNWg4X946/Y5Zwg=
github.com/opentracing/opentracing-go v1.0.2/go.mod h1:UkNAQd3GIcIGf0SeVgPpRdFStlNbqXla1AfSYxPUl2o=
github.com/petar/GoLLRB v0.0.0-20130427215148-53be0d36a84c/go.mod h1:HUpKUBZnpzkdx0kD/+Yfuft+uD3zHGtXF/XJB14TUr4=
github.com/peterbourgon/diskv v0.0.0-20170814173558-5f041e8faa00 h1:Eh2O8DyYbAkNbZIaLTCBoVsAtq0Pl4ocJ4fkiJschDE=
github.com/peterbourgon/diskv v0.0.0-20170814173558-5f041e8faa00/go.mod h1:uqqh8zWWbv1HBMNONnaR/tNboyR3/BZd58JJSHlUSCU=
github.com/pkg/errors v0.8.0 h1:WdK/asTD0HN+q6hsWO3/vpuAkAr+tw6aNJNDFFf0+qw=
github.com/pkg/errors v0.8.0/go.mod h1:bwawxfHBFNV+L2hUp1rHADufV3IMtnDRdf1r5NINEl0=
github.com/prometheus/client_golang v0.9.0-pre1 h1:AWTOhsOI9qxeirTuA0A4By/1Es1+y9EcCGY6bBZ2fhM=
github.com/prometheus/client_golang v0.9.0-pre1/go.mod h1:7SWBe2y4D6OKWSNQJUaRYU/AaXPKyh/dDVn+NZz0KFw=
github.com/prometheus/client_model v0.0.0-20171117100541-99fa1f4be8e5 h1:cLL6NowurKLMfCeQy4tIeph12XNQWgANCNvdyrOYKV4=
github.com/prometheus/client_model v0.0.0-20171117100541-99fa1f4be8e5/go.mod h1:MbSGuTsp3dbXC40dX6PRTWyKYBIrTGTE9sqQNg2J8bo=
github.com/prometheus/common v0.0.0-20171117163051-2e54d0b93cba h1:/MUKoJbk4oXV3uxkpfHVkmVfL+wzWW6dttaW26s07Gg=
github.com/prometheus/common v0.0.0-20171117163051-2e54d0b93cba/go.mod h1:daVV7qP5qjZbuso7PdcryaAu0sAZbrN9i7WWcTMWvro=
github.com/prometheus/procfs v0.0.0-20171221151313-8f918ac9ab4b h1:AJXOm6O3OjmK7cm8PNAuCws9IegyRMKUjGibPigddgc=
github.com/prometheus/procfs v0.0.0-20171221151313-8f918ac9ab4b/go.mod h1:c3At6R/oaqEKCNdg8wHV1ftS6bRYblBhIjjI8uT2IGk=
github.com/spf13/pflag v1.0.0 h1:oaPbdDe/x0UncahuwiPxW1GYJyilRAdsPnq3e1yaPcI=
github.com/spf13/pflag v1.0.0/go.mod h1:DYY7MBk1bdzusC3SYhjObp+wFpr4gzcvqqNjLnInEg4=
github.com/uber/jaeger-client-go v0.0.0-20171127202303-ff3efa227b65 h1:sE+qVhndc03LdJ8MKmfdzJYgl6GOyYMHWZ7Gj8onq9Y=
github.com/uber/jaeger-client-go v0.0.0-20171127202303-ff3efa227b65/go.mod h1:WVhlPFC8FDjOFMMWRy2pZqQJSXxYSwNYOkTr/Z6d3Kk=
github.com/uber/jaeger-lib v1.2.1 h1:1MUo9UEukgEwIa8pIHpx5+Y+suhM36KCEatADCK/8CI=
github.com/uber/jaeger-lib v1.2.1/go.mod h1:ComeNDZlWwrWnDv8aPp0Ba6+uUTzImX/AauajbLI56U=
golang.org/x/crypto v0.0.0-20171219041129-d585fd2cc919 h1:qFAJ1NcSrOkLdaMbN6OmWeqHdp0aFZy7uWOdL/5ddnU=
golang.org/x/crypto v0.0.0-20171219041129-d585fd2cc919/go.mod h1:6SG95UA2DQfeDnfUPMdvaQW0Q7yPrPDi9nlGo2tz2b4=
golang.org/x/net v0.0.0-20181114220301-adae6a3d119a h1:gOpx8G595UYyvj8UK4+OFyY4rx037g3fmfhe5SasG3U=
golang.org/x/net v0.0.0-20181114220301-adae6a3d119a/go.mod h1:mL1N/T3taQHkDXs73rZJwtUhF3w3ftmwwsq0BUmARs4=
golang.org/x/sync v0.0.0-20171101214715-fd80eb99c8f6 h1:UWryf0el5qwmY5cBTqoyWVa4RPACJRSurjt+KoT0fF0=
golang.org/x/sync v0.0.0-20171101214715-fd80eb99c8f6/go.mod h1:RxMgew5VJxzue5/jJTE5uejpjVlOe/izrB70Jof72aM=
golang.org/x/sys v0.0.0-20171220172423-d818ba11af44 h1:KY8QdPGN4AdP4YfozBsSrb+Tj86RnZHW5na8wChzF5U=
golang.org/x/sys v0.0.0-20171220172423-d818ba11af44/go.mod h1:STP8DvDyc/dI5b8T5hshtkjS+E42TnysNCUPdjciGhY=
golang.org/x/text v0.0.0-20171218113626-eb22672bea55 h1:PPjQSvgC8+twXF2jiTxGrXlgkSW2Vyxk6Vt+EMgfqhU=
golang.org/x/text v0.0.0-20171218113626-eb22672bea55/go.mod h1:NqM8EUOU14njkJ3fqMW+pc6Ldnwhi/IjpwHt7yyuwOQ=
gopkg.in/inf.v0 v0.9.0 h1:3zYtXIO92bvsdS3ggAdA8Gb4Azj0YU+TVY1uGYNFA8o=
gopkg.in/inf.v0 v0.9.0/go.mod h1:cWUDdTG/fYaXco+Dcufb5Vnc6Gp2YChqWtbxRZE0mXw=
gopkg.in/yaml.v2 v2.0.0-20171116090243-287cf08546ab h1:yZ6iByf7GKeJ3gsd1Dr/xaj1DyJ//wxKX1Cdh8LhoAw=
gopkg.in/yaml.v2 v2.0.0-20171116090243-287cf08546ab/go.mod h1:JAlM8MvJe8wmxCU4Bli9HhUf9+ttbYbLASfIpnQbh74=
k8s.io/api v0.0.0-20171207041203-11147472b7c9 h1:SgHuZQp7K5OD/DAQnen3bhObv/E4WV/twiZCQnIGGNY=
k8s.io/api v0.0.0-20171207041203-11147472b7c9/go.mod h1:iuAfoD4hCxJ8Onx9kaTIt30j7jUFS00AXQi6QMi99vA=
k8s.io/apimachinery v0.0.0-20171207040834-180eddb345a5 h1:ytrAODqD/wgvfJIzNUgaZmH/uZouVQe18p6Vru2HaIg=
k8s.io/apimachinery v0.0.0-20171207040834-180eddb345a5/go.mod h1:ccL7Eh7zubPUSh9A3USN90/OzHNSVN6zxzde07TDCL0=
k8s.io/client-go v0.0.0-20171207042602-78700dec6369 h1:533TVA56za0bI3XlaILD03NvhATIoCQK3KURmc+aOY8=
k8s.io/client-go v0.0.0-20171207042602-78700dec6369/go.mod h1:7vJpHMYJwNQCWgzmNV+VYUl1zCObLyodBc8nIyt8L5s=
k8s.io/kube-openapi v0.0.0-20171212221656-b16ebc07f5ca h1:XFgKsNPDJ+n7Z4mi8zxKoqAs+mZZ0PRy+MvhvamzQ/c=
k8s.io/kube-openapi v0.0.0-20171212221656-b16ebc07f5ca/go.mod h1:BXM9ceUBTj2QnfH2MK1odQs778ajze1RxcmP6S8RVVc=
